{
  "name": "hsd_wrap",
  "version": "0.1.0",
  "lockfileVersion": 1,
  "requires": true,
  "dependencies": {
    "accepts": {
      "version": "1.3.7",
      "resolved": "https://registry.npmjs.org/accepts/-/accepts-1.3.7.tgz",
      "integrity": "sha512-Il80Qs2WjYlJIBNzNkK6KYqlVMTbZLXgHx2oT0pU/fjRHyEp+PEfEPY0R3WCwAGVOtauxh1hOxNgIf5bv7dQpA==",
      "requires": {
        "mime-types": "~2.1.24",
        "negotiator": "0.6.2"
      }
    },
    "array-flatten": {
      "version": "1.1.1",
      "resolved": "https://registry.npmjs.org/array-flatten/-/array-flatten-1.1.1.tgz",
      "integrity": "sha1-ml9pkFGx5wczKPKgCJaLZOopVdI="
    },
    "bcfg": {
      "version": "0.1.6",
      "resolved": "https://registry.npmjs.org/bcfg/-/bcfg-0.1.6.tgz",
      "integrity": "sha512-BR2vwQZwu24aRm588XHOnPVjjQtbK8sF0RopRFgMuke63/REJMWnePTa2YHKDBefuBYiVdgkowuB1/e4K7Ue3g==",
      "requires": {
        "bsert": "~0.0.10"
      }
    },
    "bcrypto": {
      "version": "5.1.0",
      "resolved": "https://registry.npmjs.org/bcrypto/-/bcrypto-5.1.0.tgz",
      "integrity": "sha512-WEs5g7WHdEdLLcsvhE7Z1AXv0G+hb+bJhSUYM7samFNrH051XhcFVWxAbAZDmIU1HWjpjhmQ+HqBar7UC/qrzQ==",
      "requires": {
        "bufio": "~1.0.6",
        "loady": "~0.0.1"
      }
    },
    "bcurl": {
      "version": "0.1.6",
      "resolved": "https://registry.npmjs.org/bcurl/-/bcurl-0.1.6.tgz",
      "integrity": "sha512-noeDhfqFiUcNOUuZKErkXcbZfxBjn6duTfYPEfA4hAYXGr7gwVxkAWvIerxl3ZLLyn8jzh7Oi0nHlrLm1ST9Fw==",
      "requires": {
        "brq": "~0.1.7",
        "bsert": "~0.0.10",
        "bsock": "~0.1.8"
      }
    },
    "bdb": {
      "version": "1.2.2",
      "resolved": "https://registry.npmjs.org/bdb/-/bdb-1.2.2.tgz",
      "integrity": "sha512-OvOslrI0Mh1aRauiN/x4FOB415ussuDGorX4/y2m8jA/+CleCLeABvoIUrKADnIdRdVZALOqVMNznlK7W5aL+Q==",
      "requires": {
        "bsert": "~0.0.10",
        "loady": "~0.0.1"
      }
    },
    "bdns": {
      "version": "0.1.5",
      "resolved": "https://registry.npmjs.org/bdns/-/bdns-0.1.5.tgz",
      "integrity": "sha512-LNVkfM7ynlAD0CvPvO9cKxW8YXt1KOCRQZlRsGZWeMyymUWVdHQpZudAzH9chaFAz6HiwAnQxwDemCKDPy6Mag==",
      "requires": {
        "bsert": "~0.0.10"
      }
    },
    "bevent": {
      "version": "0.1.5",
      "resolved": "https://registry.npmjs.org/bevent/-/bevent-0.1.5.tgz",
      "integrity": "sha512-hs6T3BjndibrAmPSoKTHmKa3tz/c6Qgjv9iZw+tAoxuP6izfTCkzfltBQrW7SuK5xnY22gv9jCEf51+mRH+Qvg==",
      "requires": {
        "bsert": "~0.0.10"
      }
    },
    "bfile": {
      "version": "0.2.2",
      "resolved": "https://registry.npmjs.org/bfile/-/bfile-0.2.2.tgz",
      "integrity": "sha512-X205SsJ7zFAnjeJ/pBLqDqF10x/4Su3pBy8UdVKw4hdGJk7t5pLoRi+uG4rPaDAClGbrEfT/06PGUbYiMYKzTg=="
    },
    "bfilter": {
      "version": "1.0.5",
      "resolved": "https://registry.npmjs.org/bfilter/-/bfilter-1.0.5.tgz",
      "integrity": "sha512-GupIidtCvLbKhXnA1sxvrwa+gh95qbjafy7P1U1x/2DHxNabXq4nGW0x3rmgzlJMYlVl+c8fMxoMRIwpKYlgcQ==",
      "requires": {
        "bsert": "~0.0.10",
        "bufio": "~1.0.6",
        "mrmr": "~0.1.6"
      }
    },
    "bheep": {
      "version": "0.1.5",
      "resolved": "https://registry.npmjs.org/bheep/-/bheep-0.1.5.tgz",
      "integrity": "sha512-0KR5Zi8hgJBKL35+aYzndCTtgSGakOMxrYw2uszd5UmXTIfx3+drPGoETlVbQ6arTdAzSoQYA1j35vbaWpQXBg==",
      "requires": {
        "bsert": "~0.0.10"
      }
    },
    "binet": {
      "version": "0.3.6",
      "resolved": "https://registry.npmjs.org/binet/-/binet-0.3.6.tgz",
      "integrity": "sha512-6pm+Gc3uNiiJZEv0k8JDWqQlo9ki/o9UNAkLmr0EGm7hI5MboOJVIOlO1nw3YuDkLHWN78OPsaC4JhRkn2jMLw==",
      "requires": {
        "bs32": "~0.1.5",
        "bsert": "~0.0.10"
      }
    },
    "blgr": {
      "version": "0.1.8",
      "resolved": "https://registry.npmjs.org/blgr/-/blgr-0.1.8.tgz",
      "integrity": "sha512-9AvDK+lc92q//63S8cHtkaB060YOZqoqd0DkMwn35mR1SrcY0FXnCHePHZFx6Oe1d/6wj8Lw7mKEGoShCUf3Yw==",
      "requires": {
        "bsert": "~0.0.10"
      }
    },
    "blru": {
      "version": "0.1.6",
      "resolved": "https://registry.npmjs.org/blru/-/blru-0.1.6.tgz",
      "integrity": "sha512-34+xZ2u4ys/aUzWCU9m6Eee4nVuN1ywdxbi8b3Z2WULU6qvnfeHvCWEdGzlVfRbbhimG2xxJX6R77GD2cuVO6w==",
      "requires": {
        "bsert": "~0.0.10"
      }
    },
    "blst": {
      "version": "0.1.5",
      "resolved": "https://registry.npmjs.org/blst/-/blst-0.1.5.tgz",
      "integrity": "sha512-TPl04Cx3CHdPFAJ2x9Xx1Z1FOfpAzmNPfHkfo+pGAaNH4uLhS58ExvamVkZh3jadF+B7V5sMtqvrqdf9mHINYA==",
      "requires": {
        "bsert": "~0.0.10"
      }
    },
    "bmutex": {
      "version": "0.1.6",
      "resolved": "https://registry.npmjs.org/bmutex/-/bmutex-0.1.6.tgz",
      "integrity": "sha512-nXWOXtQHbfPaMl6jyEF/rmRMrcemj2qn+OCAI/uZYurjfx7Dg3baoXdPzHOL0U8Cfvn8CWxKcnM/rgxL7DR4zw==",
      "requires": {
        "bsert": "~0.0.10"
      }
    },
    "bns": {
      "version": "0.11.0",
      "resolved": "https://registry.npmjs.org/bns/-/bns-0.11.0.tgz",
      "integrity": "sha512-61FuOHkQ4EDFnYkNeLasnf4AAVr9N2DvGSCO95EK61lvUYmGQUCOVWppkC4dhNYm5Cr8n81xwjHJOZePnXlcIg==",
      "requires": {
        "bcrypto": "~5.1.0",
        "bfile": "~0.2.2",
        "bheep": "~0.1.5",
        "binet": "~0.3.5",
        "bs32": "~0.1.6",
        "bsert": "~0.0.10",
        "btcp": "~0.1.5",
        "budp": "~0.1.6",
        "bufio": "~1.0.6",
        "unbound": "~0.4.0"
      }
    },
    "body-parser": {
      "version": "1.19.0",
      "resolved": "https://registry.npmjs.org/body-parser/-/body-parser-1.19.0.tgz",
      "integrity": "sha512-dhEPs72UPbDnAQJ9ZKMNTP6ptJaionhP5cBb541nXPlW60Jepo9RV/a4fX4XWW9CuFNK22krhrj1+rgzifNCsw==",
      "requires": {
        "bytes": "3.1.0",
        "content-type": "~1.0.4",
        "debug": "2.6.9",
        "depd": "~1.1.2",
        "http-errors": "1.7.2",
        "iconv-lite": "0.4.24",
        "on-finished": "~2.3.0",
        "qs": "6.7.0",
        "raw-body": "2.4.0",
        "type-is": "~1.6.17"
      }
    },
    "brq": {
      "version": "0.1.8",
      "resolved": "https://registry.npmjs.org/brq/-/brq-0.1.8.tgz",
      "integrity": "sha512-6SDY1lJMKXgt5TZ6voJQMH2zV1XPWWtm203PSkx3DSg9AYNYuRfOPFSBDkNemabzgpzFW9/neR4YhTvyJml8rQ==",
      "requires": {
        "bsert": "~0.0.10"
      }
    },
    "bs32": {
      "version": "0.1.6",
      "resolved": "https://registry.npmjs.org/bs32/-/bs32-0.1.6.tgz",
      "integrity": "sha512-usjDesQqZ8ihHXOnOEQuAdymBHnJEfSd+aELFSg1jN/V3iAf12HrylHlRJwIt6DTMmXpBDQ+YBg3Q3DIYdhRgQ==",
      "requires": {
        "bsert": "~0.0.10"
      }
    },
    "bsert": {
      "version": "0.0.10",
      "resolved": "https://registry.npmjs.org/bsert/-/bsert-0.0.10.tgz",
      "integrity": "sha512-NHNwlac+WPy4t2LoNh8pXk8uaIGH3NSaIUbTTRXGpE2WEbq0te/tDykYHkFK57YKLPjv/aGHmbqvnGeVWDz57Q=="
    },
    "bsock": {
      "version": "0.1.9",
      "resolved": "https://registry.npmjs.org/bsock/-/bsock-0.1.9.tgz",
      "integrity": "sha512-/l9Kg/c5o+n/0AqreMxh2jpzDMl1ikl4gUxT7RFNe3A3YRIyZkiREhwcjmqxiymJSRI/Qhew357xGn1SLw/xEw==",
      "requires": {
        "bsert": "~0.0.10"
      }
    },
    "bsocks": {
      "version": "0.2.5",
      "resolved": "https://registry.npmjs.org/bsocks/-/bsocks-0.2.5.tgz",
      "integrity": "sha512-w1yG8JmfKPIaTDLuR9TIxJM2Ma6nAiInRpLNZ43g3qPnPHjawCC4SV6Bdy84bEJQX1zJWYTgdod/BnQlDhq4Gg==",
      "requires": {
        "binet": "~0.3.5",
        "bsert": "~0.0.10"
      }
    },
    "btcp": {
      "version": "0.1.5",
      "resolved": "https://registry.npmjs.org/btcp/-/btcp-0.1.5.tgz",
      "integrity": "sha512-tkrtMDxeJorn5p0KxaLXELneT8AbfZMpOFeoKYZ5qCCMMSluNuwut7pGccLC5YOJqmuk0DR774vNVQLC9sNq/A=="
    },
    "budp": {
      "version": "0.1.6",
      "resolved": "https://registry.npmjs.org/budp/-/budp-0.1.6.tgz",
      "integrity": "sha512-o+a8NPq3DhV91j4nInjht2md6mbU1XL+7ciPltP66rw5uD3KP1m5r8lA94LZVaPKcFdJ0l2HVVzRNxnY26Pefg=="
    },
    "buffer-map": {
      "version": "0.0.7",
      "resolved": "https://registry.npmjs.org/buffer-map/-/buffer-map-0.0.7.tgz",
      "integrity": "sha512-95try3p/vMRkIAAnJDaGkFhGpT/65NoeW6XelEPjAomWYR58RQtW4khn0SwKj34kZoE7uxL7w2koZSwbnszvQQ=="
    },
    "bufio": {
      "version": "1.0.7",
      "resolved": "https://registry.npmjs.org/bufio/-/bufio-1.0.7.tgz",
      "integrity": "sha512-bd1dDQhiC+bEbEfg56IdBv7faWa6OipMs/AFFFvtFnB3wAYjlwQpQRZ0pm6ZkgtfL0pILRXhKxOiQj6UzoMR7A=="
    },
    "bupnp": {
      "version": "0.2.6",
      "resolved": "https://registry.npmjs.org/bupnp/-/bupnp-0.2.6.tgz",
      "integrity": "sha512-J6ykzJhZMxXKN78K+1NzFi3v/51X2Mvzp2hW42BWwmxIVfau6PaN99gyABZ8x05e8MObWbsAis23gShhj9qpbw==",
      "requires": {
        "binet": "~0.3.5",
        "brq": "~0.1.7",
        "bsert": "~0.0.10"
      }
    },
    "bval": {
      "version": "0.1.6",
      "resolved": "https://registry.npmjs.org/bval/-/bval-0.1.6.tgz",
      "integrity": "sha512-jxNH9gSx7g749hQtS+nTxXYz/bLxwr4We1RHFkCYalNYcj12RfbW6qYWsKu0RYiKAdFcbNoZRHmWrIuXIyhiQQ==",
      "requires": {
        "bsert": "~0.0.10"
      }
    },
    "bweb": {
      "version": "0.1.10",
      "resolved": "https://registry.npmjs.org/bweb/-/bweb-0.1.10.tgz",
      "integrity": "sha512-3Kkz/rfsyAWUS+8DV5XYhwcgVN4DfDewrP+iFTcpQfdZzcF6+OypAq7dHOtXV0sW7U/3msA/sEEqz0MHZ9ERWg==",
      "requires": {
        "bsert": "~0.0.10",
        "bsock": "~0.1.8"
      }
    },
    "bytes": {
      "version": "3.1.0",
      "resolved": "https://registry.npmjs.org/bytes/-/bytes-3.1.0.tgz",
      "integrity": "sha512-zauLjrfCG+xvoyaqLoV8bLVXXNGC4JqlxFCutSDWA6fJrTo2ZuvLYTqZ7aHBLZSMOopbzwv8f+wZcVzfVTI2Dg=="
    },
    "content-disposition": {
      "version": "0.5.3",
      "resolved": "https://registry.npmjs.org/content-disposition/-/content-disposition-0.5.3.tgz",
      "integrity": "sha512-ExO0774ikEObIAEV9kDo50o+79VCUdEB6n6lzKgGwupcVeRlhrj3qGAfwq8G6uBJjkqLrhT0qEYFcWng8z1z0g==",
      "requires": {
        "safe-buffer": "5.1.2"
      }
    },
    "content-type": {
      "version": "1.0.4",
      "resolved": "https://registry.npmjs.org/content-type/-/content-type-1.0.4.tgz",
      "integrity": "sha512-hIP3EEPs8tB9AT1L+NUqtwOAps4mk2Zob89MWXMHjHWg9milF/j4osnnQLXBCBFBk/tvIG/tUc9mOUJiPBhPXA=="
    },
    "cookie": {
      "version": "0.4.0",
      "resolved": "https://registry.npmjs.org/cookie/-/cookie-0.4.0.tgz",
      "integrity": "sha512-+Hp8fLp57wnUSt0tY0tHEXh4voZRDnoIrZPqlo3DPiI4y9lwg/jqx+1Om94/W6ZaPDOUbnjOt/99w66zk+l1Xg=="
    },
    "cookie-signature": {
      "version": "1.0.6",
      "resolved": "https://registry.npmjs.org/cookie-signature/-/cookie-signature-1.0.6.tgz",
      "integrity": "sha1-4wOogrNCzD7oylE6eZmXNNqzriw="
    },
    "debug": {
      "version": "2.6.9",
      "resolved": "https://registry.npmjs.org/debug/-/debug-2.6.9.tgz",
      "integrity": "sha512-bC7ElrdJaJnPbAP+1EotYvqZsb3ecl5wi6Bfi6BJTUcNowp6cvspg0jXznRTKDjm/E7AdgFBVeAPVMNcKGsHMA==",
      "requires": {
        "ms": "2.0.0"
      }
    },
    "depd": {
      "version": "1.1.2",
      "resolved": "https://registry.npmjs.org/depd/-/depd-1.1.2.tgz",
      "integrity": "sha1-m81S4UwJd2PnSbJ0xDRu0uVgtak="
    },
    "destroy": {
      "version": "1.0.4",
      "resolved": "https://registry.npmjs.org/destroy/-/destroy-1.0.4.tgz",
      "integrity": "sha1-l4hXRCxEdJ5CBmE+N5RiBYJqvYA="
    },
    "ee-first": {
      "version": "1.1.1",
      "resolved": "https://registry.npmjs.org/ee-first/-/ee-first-1.1.1.tgz",
      "integrity": "sha1-WQxhFWsK4vTwJVcyoViyZrxWsh0="
    },
    "encodeurl": {
      "version": "1.0.2",
      "resolved": "https://registry.npmjs.org/encodeurl/-/encodeurl-1.0.2.tgz",
      "integrity": "sha1-rT/0yG7C0CkyL1oCw6mmBslbP1k="
    },
    "escape-html": {
      "version": "1.0.3",
      "resolved": "https://registry.npmjs.org/escape-html/-/escape-html-1.0.3.tgz",
      "integrity": "sha1-Aljq5NPQwJdN4cFpGI7wBR0dGYg="
    },
    "etag": {
      "version": "1.8.1",
      "resolved": "https://registry.npmjs.org/etag/-/etag-1.8.1.tgz",
      "integrity": "sha1-Qa4u62XvpiJorr/qg6x9eSmbCIc="
    },
    "express": {
      "version": "4.17.1",
      "resolved": "https://registry.npmjs.org/express/-/express-4.17.1.tgz",
      "integrity": "sha512-mHJ9O79RqluphRrcw2X/GTh3k9tVv8YcoyY4Kkh4WDMUYKRZUq0h1o0w2rrrxBqM7VoeUVqgb27xlEMXTnYt4g==",
      "requires": {
        "accepts": "~1.3.7",
        "array-flatten": "1.1.1",
        "body-parser": "1.19.0",
        "content-disposition": "0.5.3",
        "content-type": "~1.0.4",
        "cookie": "0.4.0",
        "cookie-signature": "1.0.6",
        "debug": "2.6.9",
        "depd": "~1.1.2",
        "encodeurl": "~1.0.2",
        "escape-html": "~1.0.3",
        "etag": "~1.8.1",
        "finalhandler": "~1.1.2",
        "fresh": "0.5.2",
        "merge-descriptors": "1.0.1",
        "methods": "~1.1.2",
        "on-finished": "~2.3.0",
        "parseurl": "~1.3.3",
        "path-to-regexp": "0.1.7",
        "proxy-addr": "~2.0.5",
        "qs": "6.7.0",
        "range-parser": "~1.2.1",
        "safe-buffer": "5.1.2",
        "send": "0.17.1",
        "serve-static": "1.14.1",
        "setprototypeof": "1.1.1",
        "statuses": "~1.5.0",
        "type-is": "~1.6.18",
        "utils-merge": "1.0.1",
        "vary": "~1.1.2"
      }
    },
    "finalhandler": {
      "version": "1.1.2",
      "resolved": "https://registry.npmjs.org/finalhandler/-/finalhandler-1.1.2.tgz",
      "integrity": "sha512-aAWcW57uxVNrQZqFXjITpW3sIUQmHGG3qSb9mUah9MgMC4NeWhNOlNjXEYq3HjRAvL6arUviZGGJsBg6z0zsWA==",
      "requires": {
        "debug": "2.6.9",
        "encodeurl": "~1.0.2",
        "escape-html": "~1.0.3",
        "on-finished": "~2.3.0",
        "parseurl": "~1.3.3",
        "statuses": "~1.5.0",
        "unpipe": "~1.0.0"
      }
    },
    "forwarded": {
      "version": "0.1.2",
      "resolved": "https://registry.npmjs.org/forwarded/-/forwarded-0.1.2.tgz",
      "integrity": "sha1-mMI9qxF1ZXuMBXPozszZGw/xjIQ="
    },
    "fresh": {
      "version": "0.5.2",
      "resolved": "https://registry.npmjs.org/fresh/-/fresh-0.5.2.tgz",
      "integrity": "sha1-PYyt2Q2XZWn6g1qx+OSyOhBWBac="
    },
    "goosig": {
      "version": "0.7.0",
      "resolved": "https://registry.npmjs.org/goosig/-/goosig-0.7.0.tgz",
      "integrity": "sha512-FlTO9Ivch/uDFH8RSqEybb/vGt45BucaFZPpWuW7SZmfda8lw/s0zN296EJ8FmLyu8XP/T4KfGt4pzSIwgwNhg==",
      "requires": {
        "bcrypto": "~5.1.0",
        "bsert": "~0.0.10",
        "loady": "~0.0.1"
      }
    },
    "hs-client": {
      "version": "0.0.8",
      "resolved": "https://registry.npmjs.org/hs-client/-/hs-client-0.0.8.tgz",
      "integrity": "sha512-G5QZ1F1SFWRdxmbkqWEIfND8SeY4ZyG5xSebN3wthxBk+0uen2/7QTsfHpRvZWfIIHprt16wCLvel+sPE880eA==",
      "requires": {
        "bcfg": "~0.1.6",
        "bcurl": "~0.1.6",
        "bsert": "~0.0.10"
      }
    },
    "hsd": {
      "version": "2.1.5",
      "resolved": "https://registry.npmjs.org/hsd/-/hsd-2.1.5.tgz",
      "integrity": "sha512-fcIyotS16EvEnN9R1M73yvU0IT/Gv98s4M69w0d4yxYdXJmta2Upb57RcWdkTbiEV6hUlcXELmg9Ntu8+JrbGQ==",
      "requires": {
        "bcfg": "~0.1.6",
        "bcrypto": "~5.1.0",
        "bdb": "~1.2.1",
        "bdns": "~0.1.5",
        "bevent": "~0.1.5",
        "bfile": "~0.2.2",
        "bfilter": "~1.0.5",
        "bheep": "~0.1.5",
        "binet": "~0.3.5",
        "blgr": "~0.1.7",
        "blru": "~0.1.6",
        "blst": "~0.1.5",
        "bmutex": "~0.1.6",
        "bns": "~0.11.0",
        "bsert": "~0.0.10",
        "bsock": "~0.1.9",
        "bsocks": "~0.2.5",
        "btcp": "~0.1.5",
        "buffer-map": "~0.0.7",
        "bufio": "~1.0.6",
        "bupnp": "~0.2.6",
        "bval": "~0.1.6",
        "bweb": "~0.1.10",
        "goosig": "~0.7.0",
        "hs-client": "~0.0.8",
        "n64": "~0.2.10",
        "urkel": "~0.6.3"
      }
    },
    "http-errors": {
      "version": "1.7.2",
      "resolved": "https://registry.npmjs.org/http-errors/-/http-errors-1.7.2.tgz",
      "integrity": "sha512-uUQBt3H/cSIVfch6i1EuPNy/YsRSOUBXTVfZ+yR7Zjez3qjBz6i9+i4zjNaoqcoFVI4lQJ5plg63TvGfRSDCRg==",
      "requires": {
        "depd": "~1.1.2",
        "inherits": "2.0.3",
        "setprototypeof": "1.1.1",
        "statuses": ">= 1.5.0 < 2",
        "toidentifier": "1.0.0"
      }
    },
    "iconv-lite": {
      "version": "0.4.24",
      "resolved": "https://registry.npmjs.org/iconv-lite/-/iconv-lite-0.4.24.tgz",
      "integrity": "sha512-v3MXnZAcvnywkTUEZomIActle7RXXeedOR31wwl7VlyoXO4Qi9arvSenNQWne1TcRwhCL1HwLI21bEqdpj8/rA==",
      "requires": {
        "safer-buffer": ">= 2.1.2 < 3"
      }
    },
    "inherits": {
      "version": "2.0.3",
      "resolved": "https://registry.npmjs.org/inherits/-/inherits-2.0.3.tgz",
      "integrity": "sha1-Yzwsg+PaQqUC9SRmAiSA9CCCYd4="
    },
    "ipaddr.js": {
      "version": "1.9.1",
      "resolved": "https://registry.npmjs.org/ipaddr.js/-/ipaddr.js-1.9.1.tgz",
      "integrity": "sha512-0KI/607xoxSToH7GjN1FfSbLoU0+btTicjsQSWQlh/hZykN8KpmMf7uYwPW3R+akZ6R/w18ZlXSHBYXiYUPO3g=="
    },
    "loady": {
      "version": "0.0.3",
      "resolved": "https://registry.npmjs.org/loady/-/loady-0.0.3.tgz",
      "integrity": "sha512-6TQfkn3vJNeclSly5EQpt+o8AjpiijQtvl1CUeNF/JrrvpT/9n7A1O47kavwvmAK8/sQy+7AYu8+YmDQ8AGo1g=="
    },
    "media-typer": {
      "version": "0.3.0",
      "resolved": "https://registry.npmjs.org/media-typer/-/media-typer-0.3.0.tgz",
      "integrity": "sha1-hxDXrwqmJvj/+hzgAWhUUmMlV0g="
    },
    "merge-descriptors": {
      "version": "1.0.1",
      "resolved": "https://registry.npmjs.org/merge-descriptors/-/merge-descriptors-1.0.1.tgz",
      "integrity": "sha1-sAqqVW3YtEVoFQ7J0blT8/kMu2E="
    },
    "methods": {
      "version": "1.1.2",
      "resolved": "https://registry.npmjs.org/methods/-/methods-1.1.2.tgz",
      "integrity": "sha1-VSmk1nZUE07cxSZmVoNbD4Ua/O4="
    },
    "mime": {
      "version": "1.6.0",
      "resolved": "https://registry.npmjs.org/mime/-/mime-1.6.0.tgz",
      "integrity": "sha512-x0Vn8spI+wuJ1O6S7gnbaQg8Pxh4NNHb7KSINmEWKiPE4RKOplvijn+NkmYmmRgP68mc70j2EbeTFRsrswaQeg=="
    },
    "mime-db": {
      "version": "1.44.0",
      "resolved": "https://registry.npmjs.org/mime-db/-/mime-db-1.44.0.tgz",
      "integrity": "sha512-/NOTfLrsPBVeH7YtFPgsVWveuL+4SjjYxaQ1xtM1KMFj7HdxlBlxeyNLzhyJVx7r4rZGJAZ/6lkKCitSc/Nmpg=="
    },
    "mime-types": {
      "version": "2.1.27",
      "resolved": "https://registry.npmjs.org/mime-types/-/mime-types-2.1.27.tgz",
      "integrity": "sha512-JIhqnCasI9yD+SsmkquHBxTSEuZdQX5BuQnS2Vc7puQQQ+8yiP5AY5uWhpdv4YL4VM5c6iliiYWPgJ/nJQLp7w==",
      "requires": {
        "mime-db": "1.44.0"
      }
    },
    "mrmr": {
      "version": "0.1.9",
      "resolved": "https://registry.npmjs.org/mrmr/-/mrmr-0.1.9.tgz",
      "integrity": "sha512-t3nbygZEPN0vkoW+985GAVw/OOQODmAwPwCfaQUCQbTaZG40s7wmFaC8AKu4oL0g7hF4xcstwkvzW6bu4QxRSg==",
      "requires": {
        "bsert": "~0.0.10",
        "loady": "~0.0.1"
      }
    },
    "ms": {
      "version": "2.0.0",
      "resolved": "https://registry.npmjs.org/ms/-/ms-2.0.0.tgz",
      "integrity": "sha1-VgiurfwAvmwpAd9fmGF4jeDVl8g="
    },
    "n64": {
      "version": "0.2.10",
      "resolved": "https://registry.npmjs.org/n64/-/n64-0.2.10.tgz",
      "integrity": "sha512-uH9geV4+roR1tohsrrqSOLCJ9Mh1iFcDI+9vUuydDlDxUS1UCAWUfuGb06p3dj3flzywquJNrGsQ7lHP8+4RVQ=="
    },
    "negotiator": {
      "version": "0.6.2",
      "resolved": "https://registry.npmjs.org/negotiator/-/negotiator-0.6.2.tgz",
      "integrity": "sha512-hZXc7K2e+PgeI1eDBe/10Ard4ekbfrrqG8Ep+8Jmf4JID2bNg7NvCPOZN+kfF574pFQI7mum2AUqDidoKqcTOw=="
    },
    "on-finished": {
      "version": "2.3.0",
      "resolved": "https://registry.npmjs.org/on-finished/-/on-finished-2.3.0.tgz",
      "integrity": "sha1-IPEzZIGwg811M3mSoWlxqi2QaUc=",
      "requires": {
        "ee-first": "1.1.1"
      }
    },
    "parseurl": {
      "version": "1.3.3",
      "resolved": "https://registry.npmjs.org/parseurl/-/parseurl-1.3.3.tgz",
      "integrity": "sha512-CiyeOxFT/JZyN5m0z9PfXw4SCBJ6Sygz1Dpl0wqjlhDEGGBP1GnsUVEL0p63hoG1fcj3fHynXi9NYO4nWOL+qQ=="
    },
    "path-to-regexp": {
      "version": "0.1.7",
      "resolved": "https://registry.npmjs.org/path-to-regexp/-/path-to-regexp-0.1.7.tgz",
      "integrity": "sha1-32BBeABfUi8V60SQ5yR6G/qmf4w="
    },
    "proxy-addr": {
      "version": "2.0.6",
      "resolved": "https://registry.npmjs.org/proxy-addr/-/proxy-addr-2.0.6.tgz",
      "integrity": "sha512-dh/frvCBVmSsDYzw6n926jv974gddhkFPfiN8hPOi30Wax25QZyZEGveluCgliBnqmuM+UJmBErbAUFIoDbjOw==",
      "requires": {
        "forwarded": "~0.1.2",
        "ipaddr.js": "1.9.1"
      }
    },
    "qs": {
      "version": "6.7.0",
      "resolved": "https://registry.npmjs.org/qs/-/qs-6.7.0.tgz",
      "integrity": "sha512-VCdBRNFTX1fyE7Nb6FYoURo/SPe62QCaAyzJvUjwRaIsc+NePBEniHlvxFmmX56+HZphIGtV0XeCirBtpDrTyQ=="
    },
    "range-parser": {
      "version": "1.2.1",
      "resolved": "https://registry.npmjs.org/range-parser/-/range-parser-1.2.1.tgz",
      "integrity": "sha512-Hrgsx+orqoygnmhFbKaHE6c296J+HTAQXoxEF6gNupROmmGJRoyzfG3ccAveqCBrwr/2yxQ5BVd/GTl5agOwSg=="
    },
    "raw-body": {
      "version": "2.4.0",
      "resolved": "https://registry.npmjs.org/raw-body/-/raw-body-2.4.0.tgz",
      "integrity": "sha512-4Oz8DUIwdvoa5qMJelxipzi/iJIi40O5cGV1wNYp5hvZP8ZN0T+jiNkL0QepXs+EsQ9XJ8ipEDoiH70ySUJP3Q==",
      "requires": {
        "bytes": "3.1.0",
        "http-errors": "1.7.2",
        "iconv-lite": "0.4.24",
        "unpipe": "1.0.0"
      }
    },
    "safe-buffer": {
      "version": "5.1.2",
      "resolved": "https://registry.npmjs.org/safe-buffer/-/safe-buffer-5.1.2.tgz",
      "integrity": "sha512-Gd2UZBJDkXlY7GbJxfsE8/nvKkUEU1G38c1siN6QP6a9PT9MmHB8GnpscSmMJSoF8LOIrt8ud/wPtojys4G6+g=="
    },
    "safer-buffer": {
      "version": "2.1.2",
      "resolved": "https://registry.npmjs.org/safer-buffer/-/safer-buffer-2.1.2.tgz",
      "integrity": "sha512-YZo3K82SD7Riyi0E1EQPojLz7kpepnSQI9IyPbHHg1XXXevb5dJI7tpyN2ADxGcQbHG7vcyRHk0cbwqcQriUtg=="
    },
    "send": {
      "version": "0.17.1",
      "resolved": "https://registry.npmjs.org/send/-/send-0.17.1.tgz",
      "integrity": "sha512-BsVKsiGcQMFwT8UxypobUKyv7irCNRHk1T0G680vk88yf6LBByGcZJOTJCrTP2xVN6yI+XjPJcNuE3V4fT9sAg==",
      "requires": {
        "debug": "2.6.9",
        "depd": "~1.1.2",
        "destroy": "~1.0.4",
        "encodeurl": "~1.0.2",
        "escape-html": "~1.0.3",
        "etag": "~1.8.1",
        "fresh": "0.5.2",
        "http-errors": "~1.7.2",
        "mime": "1.6.0",
        "ms": "2.1.1",
        "on-finished": "~2.3.0",
        "range-parser": "~1.2.1",
        "statuses": "~1.5.0"
      },
      "dependencies": {
        "ms": {
          "version": "2.1.1",
          "resolved": "https://registry.npmjs.org/ms/-/ms-2.1.1.tgz",
          "integrity": "sha512-tgp+dl5cGk28utYktBsrFqA7HKgrhgPsg6Z/EfhWI4gl1Hwq8B/GmY/0oXZ6nF8hDVesS/FpnYaD/kOWhYQvyg=="
        }
      }
    },
    "serve-static": {
      "version": "1.14.1",
      "resolved": "https://registry.npmjs.org/serve-static/-/serve-static-1.14.1.tgz",
      "integrity": "sha512-JMrvUwE54emCYWlTI+hGrGv5I8dEwmco/00EvkzIIsR7MqrHonbD9pO2MOfFnpFntl7ecpZs+3mW+XbQZu9QCg==",
      "requires": {
        "encodeurl": "~1.0.2",
        "escape-html": "~1.0.3",
        "parseurl": "~1.3.3",
        "send": "0.17.1"
      }
    },
    "setprototypeof": {
      "version": "1.1.1",
      "resolved": "https://registry.npmjs.org/setprototypeof/-/setprototypeof-1.1.1.tgz",
      "integrity": "sha512-JvdAWfbXeIGaZ9cILp38HntZSFSo3mWg6xGcJJsd+d4aRMOqauag1C63dJfDw7OaMYwEbHMOxEZ1lqVRYP2OAw=="
    },
    "statuses": {
      "version": "1.5.0",
      "resolved": "https://registry.npmjs.org/statuses/-/statuses-1.5.0.tgz",
      "integrity": "sha1-Fhx9rBd2Wf2YEfQ3cfqZOBR4Yow="
    },
    "toidentifier": {
      "version": "1.0.0",
      "resolved": "https://registry.npmjs.org/toidentifier/-/toidentifier-1.0.0.tgz",
      "integrity": "sha512-yaOH/Pk/VEhBWWTlhI+qXxDFXlejDGcQipMlyxda9nthulaxLZUNcUqFxokp0vcYnvteJln5FNQDRrxj3YcbVw=="
    },
    "type-is": {
      "version": "1.6.18",
      "resolved": "https://registry.npmjs.org/type-is/-/type-is-1.6.18.tgz",
      "integrity": "sha512-TkRKr9sUTxEH8MdfuCSP7VizJyzRNMjj2J2do2Jr3Kym598JVdEksuzPQCnlFPW4ky9Q+iA+ma9BGm06XQBy8g==",
      "requires": {
        "media-typer": "0.3.0",
        "mime-types": "~2.1.24"
      }
    },
    "unbound": {
      "version": "0.4.2",
      "resolved": "https://registry.npmjs.org/unbound/-/unbound-0.4.2.tgz",
      "integrity": "sha512-pA2t1aVLUTvILo9JvC6KAnu9oEp4vUgz9k1Uqy7YMBkYtMJQhJKiPvdd+GZYPS8MtO05AZvAXt1CdxFlPB5jzQ==",
      "optional": true,
      "requires": {
        "loady": "~0.0.1"
      }
    },
    "unpipe": {
      "version": "1.0.0",
      "resolved": "https://registry.npmjs.org/unpipe/-/unpipe-1.0.0.tgz",
      "integrity": "sha1-sr9O6FFKrmFltIF4KdIbLvSZBOw="
    },
    "urkel": {
      "version": "0.6.3",
      "resolved": "https://registry.npmjs.org/urkel/-/urkel-0.6.3.tgz",
      "integrity": "sha512-aY/u3cpCRRwa3XjUGG8DcLcQJSNmQ0+qXDeT0igDytKhrK+yiusZ7mYdPRzmtbQ2CPozHhwsmVxCVBkPBp9jDQ==",
      "requires": {
        "bfile": "~0.2.1",
        "bmutex": "~0.1.6",
        "bsert": "~0.0.10"
      }
    },
    "utils-merge": {
      "version": "1.0.1",
      "resolved": "https://registry.npmjs.org/utils-merge/-/utils-merge-1.0.1.tgz",
      "integrity": "sha1-n5VxD1CiZ5R7LMwSR0HBAoQn5xM="
    },
    "vary": {
      "version": "1.1.2",
      "resolved": "https://registry.npmjs.org/vary/-/vary-1.1.2.tgz",
      "integrity": "sha1-IpnwLG3tMNSllhsLn3RSShj2NPw="
    }
  }
}
